
Microsoft Visual Studio Solution File, Format Version 12.00
# Visual Studio 15
VisualStudioVersion = 15.0.27428.2037
MinimumVisualStudioVersion = 10.0.40219.1
Project("{FAE04EC0-301F-11D3-BF4B-00C04F79EFBC}") = "UICompositionSample", "UICompositionSample\UICompositionSample.csproj", "{11BD29C7-8101-4A7F-AADB-C02D7B138011}"
EndProject
Global
	GlobalSection(SolutionConfigurationPlatforms) = preSolution
		Debug|Any CPU = Debug|Any CPU
		Release|Any CPU = Release|Any CPU
	EndGlobalSection
	GlobalSection(ProjectConfigurationPlatforms) = postSolution
		{11BD29C7-8101-4A7F-AADB-C02D7B138011}.Debug|Any CPU.ActiveCfg = Debug|Any CPU
		{11BD29C7-8101-4A7F-AADB-C02D7B138011}.Debug|Any CPU.Build.0 = Debug|Any CPU
		{11BD29C7-8101-4A7F-AADB-C02D7B138011}.Release|Any CPU.ActiveCfg = Release|Any CPU
		{11BD29C7-8101-4A7F-AADB-C02D7B138011}.Release|Any CPU.Build.0 = Release|Any CPU
	EndGlobalSection
	GlobalSection(SolutionProperties) = preSolution
		HideSolutionNode = FALSE
	EndGlobalSection
	GlobalSection(ExtensibilityGlobals) = postSolution
		SolutionGuid = {27F64094-8942-4067-917E-C5E094329C91}
	EndGlobalSection
EndGlobal
